// !$*UTF8*$!
{
	archiveVersion = 1;
	classes = {
	};
	objectVersion = 46;
	objects = {

/* Begin PBXBuildFile section */
		70594C4737542F64CAE2D152 /* libPods-ExpandUserBackground.a in Frameworks */ = {isa = PBXBuildFile; fileRef = 13BDEA94FDBEA577FDE89E7B /* libPods-ExpandUserBackground.a */; };
		958098B11DEFB9000044A953 /* main.m in Sources */ = {isa = PBXBuildFile; fileRef = 958098B01DEFB9000044A953 /* main.m */; };
		958098B41DEFB9000044A953 /* AppDelegate.m in Sources */ = {isa = PBXBuildFile; fileRef = 958098B31DEFB9000044A953 /* AppDelegate.m */; };
		958098B71DEFB9000044A953 /* ViewController.m in Sources */ = {isa = PBXBuildFile; fileRef = 958098B61DEFB9000044A953 /* ViewController.m */; };
		958098BA1DEFB9000044A953 /* Main.storyboard in Resources */ = {isa = PBXBuildFile; fileRef = 958098B81DEFB9000044A953 /* Main.storyboard */; };
		958098BC1DEFB9000044A953 /* Assets.xcassets in Resources */ = {isa = PBXBuildFile; fileRef = 958098BB1DEFB9000044A953 /* Assets.xcassets */; };
		958098BF1DEFB9000044A953 /* LaunchScreen.storyboard in Resources */ = {isa = PBXBuildFile; fileRef = 958098BD1DEFB9000044A953 /* LaunchScreen.storyboard */; };
		958098C91DEFBA2C0044A953 /* XYHeaderViewController.m in Sources */ = {isa = PBXBuildFile; fileRef = 958098C81DEFBA2C0044A953 /* XYHeaderViewController.m */; };
		958098CC1DEFBCB80044A953 /* XYContentInsetViewController.m in Sources */ = {isa = PBXBuildFile; fileRef = 958098CB1DEFBCB80044A953 /* XYContentInsetViewController.m */; };
/* End PBXBuildFile section */

/* Begin PBXFileReference section */
		01F3DFFDB99939834A147911 /* Pods-ExpandUserBackground.debug.xcconfig */ = {isa = PBXFileReference; includeInIndex = 1; lastKnownFileType = text.xcconfig; name = "Pods-ExpandUserBackground.debug.xcconfig"; path = "Pods/Target Support Files/Pods-ExpandUserBackground/Pods-ExpandUserBackground.debug.xcconfig"; sourceTree = "<group>"; };
		13BDEA94FDBEA577FDE89E7B /* libPods-ExpandUserBackground.a */ = {isa = PBXFileReference; explicitFileType = archive.ar; includeInIndex = 0; path = "libPods-ExpandUserBackground.a"; sourceTree = BUILT_PRODUCTS_DIR; };
		7F45927DC35642E5F2FB3FDD /* Pods-ExpandUserBackground.release.xcconfig */ = {isa = PBXFileReference; includeInIndex = 1; lastKnownFileType = text.xcconfig; name = "Pods-ExpandUserBackground.release.xcconfig"; path = "Pods/Target Support Files/Pods-ExpandUserBackground/Pods-ExpandUserBackground.release.xcconfig"; sourceTree = "<group>"; };
		958098AC1DEFB9000044A953 /* ExpandUserBackground.app */ = {isa = PBXFileReference; explicitFileType = wrapper.application; includeInIndex = 0; path = ExpandUserBackground.app; sourceTree = BUILT_PRODUCTS_DIR; };
		958098B01DEFB9000044A953 /* main.m */ = {isa = PBXFileReference; lastKnownFileType = sourcecode.c.objc; path = main.m; sourceTree = "<group>"; };
		958098B21DEFB9000044A953 /* AppDelegate.h */ = {isa = PBXFileReference; lastKnownFileType = sourcecode.c.h; path = AppDelegate.h; sourceTree = "<group>"; };
		958098B31DEFB9000044A953 /* AppDelegate.m */ = {isa = PBXFileReference; lastKnownFileType = sourcecode.c.objc; path = AppDelegate.m; sourceTree = "<group>"; };
		958098B51DEFB9000044A953 /* ViewController.h */ = {isa = PBXFileReference; lastKnownFileType = sourcecode.c.h; path = ViewController.h; sourceTree = "<group>"; };
		958098B61DEFB9000044A953 /* ViewController.m */ = {isa = PBXFileReference; lastKnownFileType = sourcecode.c.objc; path = ViewController.m; sourceTree = "<group>"; };
		958098B91DEFB9000044A953 /* Base */ = {isa = PBXFileReference; lastKnownFileType = file.storyboard; name = Base; path = Base.lproj/Main.storyboard; sourceTree = "<group>"; };
		958098BB1DEFB9000044A953 /* Assets.xcassets */ = {isa = PBXFileReference; lastKnownFileType = folder.assetcatalog; path = Assets.xcassets; sourceTree = "<group>"; };
		958098BE1DEFB9000044A953 /* Base */ = {isa = PBXFileReference; lastKnownFileType = file.storyboard; name = Base; path = Base.lproj/LaunchScreen.storyboard; sourceTree = "<group>"; };
		958098C01DEFB9000044A953 /* Info.plist */ = {isa = PBXFileReference; lastKnownFileType = text.plist.xml; path = Info.plist; sourceTree = "<group>"; };
		958098C71DEFBA2C0044A953 /* XYHeaderViewController.h */ = {isa = PBXFileReference; fileEncoding = 4; lastKnownFileType = sourcecode.c.h; path = XYHeaderViewController.h; sourceTree = "<group>"; };
		958098C81DEFBA2C0044A953 /* XYHeaderViewController.m */ = {isa = PBXFileReference; fileEncoding = 4; lastKnownFileType = sourcecode.c.objc; path = XYHeaderViewController.m; sourceTree = "<group>"; };
		958098CA1DEFBCB80044A953 /* XYContentInsetViewController.h */ = {isa = PBXFileReference; fileEncoding = 4; lastKnownFileType = sourcecode.c.h; path = XYContentInsetViewController.h; sourceTree = "<group>"; };
		958098CB1DEFBCB80044A953 /* XYContentInsetViewController.m */ = {isa = PBXFileReference; fileEncoding = 4; lastKnownFileType = sourcecode.c.objc; path = XYContentInsetViewController.m; sourceTree = "<group>"; };
/* End PBXFileReference section */

/* Begin PBXFrameworksBuildPhase section */
		958098A91DEFB9000044A953 /* Frameworks */ = {
			isa = PBXFrameworksBuildPhase;
			buildActionMask = 2147483647;
			files = (
				70594C4737542F64CAE2D152 /* libPods-ExpandUserBackground.a in Frameworks */,
			);
			runOnlyForDeploymentPostprocessing = 0;
		};
/* End PBXFrameworksBuildPhase section */

/* Begin PBXGroup section */
		0E69A01CB9894F04BAFBBB07 /* Pods */ = {
			isa = PBXGroup;
			children = (
				01F3DFFDB99939834A147911 /* Pods-ExpandUserBackground.debug.xcconfig */,
				7F45927DC35642E5F2FB3FDD /* Pods-ExpandUserBackground.release.xcconfig */,
			);
			name = Pods;
			sourceTree = "<group>";
		};
		958098A31DEFB9000044A953 = {
			isa = PBXGroup;
			children = (
				958098AE1DEFB9000044A953 /* ExpandUserBackground */,
				958098AD1DEFB9000044A953 /* Products */,
				0E69A01CB9894F04BAFBBB07 /* Pods */,
				CCCC0AA75A2C12BEC5ACDDC9 /* Frameworks */,
			);
			sourceTree = "<group>";
		};
		958098AD1DEFB9000044A953 /* Products */ = {
			isa = PBXGroup;
			children = (
				958098AC1DEFB9000044A953 /* ExpandUserBackground.app */,
			);
			name = Products;
			sourceTree = "<group>";
		};
		958098AE1DEFB9000044A953 /* ExpandUserBackground */ = {
			isa = PBXGroup;
			children = (
				958098C61DEFB9390044A953 /* Expand */,
				958098B21DEFB9000044A953 /* AppDelegate.h */,
				958098B31DEFB9000044A953 /* AppDelegate.m */,
				958098B51DEFB9000044A953 /* ViewController.h */,
				958098B61DEFB9000044A953 /* ViewController.m */,
				958098B81DEFB9000044A953 /* Main.storyboard */,
				958098BB1DEFB9000044A953 /* Assets.xcassets */,
				958098BD1DEFB9000044A953 /* LaunchScreen.storyboard */,
				958098C01DEFB9000044A953 /* Info.plist */,
				958098AF1DEFB9000044A953 /* Supporting Files */,
			);
			path = ExpandUserBackground;
			sourceTree = "<group>";
		};
		958098AF1DEFB9000044A953 /* Supporting Files */ = {
			isa = PBXGroup;
			children = (
				958098B01DEFB9000044A953 /* main.m */,
			);
			name = "Supporting Files";
			sourceTree = "<group>";
		};
		958098C61DEFB9390044A953 /* Expand */ = {
			isa = PBXGroup;
			children = (
				958098C71DEFBA2C0044A953 /* XYHeaderViewController.h */,
				958098C81DEFBA2C0044A953 /* XYHeaderViewController.m */,
				958098CA1DEFBCB80044A953 /* XYContentInsetViewController.h */,
				958098CB1DEFBCB80044A953 /* XYContentInsetViewController.m */,
			);
			path = Expand;
			sourceTree = "<group>";
		};
		CCCC0AA75A2C12BEC5ACDDC9 /* Frameworks */ = {
			isa = PBXGroup;
			children = (
				13BDEA94FDBEA577FDE89E7B /* libPods-ExpandUserBackground.a */,
			);
			name = Frameworks;
			sourceTree = "<group>";
		};
/* End PBXGroup section */

/* Begin PBXNativeTarget section */
		958098AB1DEFB9000044A953 /* ExpandUserBackground */ = {
			isa = PBXNativeTarget;
			buildConfigurationList = 958098C31DEFB9000044A953 /* Build configuration list for PBXNativeTarget "ExpandUserBackground" */;
			buildPhases = (
				4C6D2952F3F2428928FA3545 /* [CP] Check Pods Manifest.lock */,
				958098A81DEFB9000044A953 /* Sources */,
				958098A91DEFB9000044A953 /* Frameworks */,
				958098AA1DEFB9000044A953 /* Resources */,
				CA534CF3A7ECD2A7CE9045A8 /* [CP] Embed Pods Frameworks */,
				E2C45CBA99F61BCA92E1A9F9 /* [CP] Copy Pods Resources */,
			);
			buildRules = (
			);
			dependencies = (
			);
			name = ExpandUserBackground;
			productName = ExpandUserBackground;
			productReference = 958098AC1DEFB9000044A953 /* ExpandUserBackground.app */;
			productType = "com.apple.product-type.application";
		};
/* End PBXNativeTarget section */

/* Begin PBXProject section */
		958098A41DEFB9000044A953 /* Project object */ = {
			isa = PBXProject;
			attributes = {
				LastUpgradeCheck = 0810;
				ORGANIZATIONNAME = "薛尧";
				TargetAttributes = {
					958098AB1DEFB9000044A953 = {
						CreatedOnToolsVersion = 8.1;
						DevelopmentTeam = XWA7JYNQA2;
						ProvisioningStyle = Automatic;
					};
				};
			};
			buildConfigurationList = 958098A71DEFB9000044A953 /* Build configuration list for PBXProject "ExpandUserBackground" */;
			compatibilityVersion = "Xcode 3.2";
			developmentRegion = English;
			hasScannedForEncodings = 0;
			knownRegions = (
				en,
				Base,
			);
			mainGroup = 958098A31DEFB9000044A953;
			productRefGroup = 958098AD1DEFB9000044A953 /* Products */;
			projectDirPath = "";
			projectRoot = "";
			targets = (
				958098AB1DEFB9000044A953 /* ExpandUserBackground */,
			);
		};
/* End PBXProject section */

/* Begin PBXResourcesBuildPhase section */
		958098AA1DEFB9000044A953 /* Resources */ = {
			isa = PBXResourcesBuildPhase;
			buildActionMask = 2147483647;
			files = (
				958098BF1DEFB9000044A953 /* LaunchScreen.storyboard in Resources */,
				958098BC1DEFB9000044A953 /* Assets.xcassets in Resources */,
				958098BA1DEFB9000044A953 /* Main.storyboard in Resources */,
			);
			runOnlyForDeploymentPostprocessing = 0;
		};
/* End PBXResourcesBuildPhase section */

/* Begin PBXShellScriptBuildPhase section */
		4C6D2952F3F2428928FA3545 /* [CP] Check Pods Manifest.lock */ = {
			isa = PBXShellScriptBuildPhase;
			buildActionMask = 2147483647;
			files = (
			);
			inputPaths = (
			);
			name = "[CP] Check Pods Manifest.lock";
			outputPaths = (
			);
			runOnlyForDeploymentPostprocessing = 0;
			shellPath = /bin/sh;
			shellScript = "diff \"${PODS_ROOT}/../Podfile.lock\" \"${PODS_ROOT}/Manifest.lock\" > /dev/null\nif [[ $? != 0 ]] ; then\n    cat << EOM\nerror: The sandbox is not in sync with the Podfile.lock. Run 'pod install' or update your CocoaPods installation.\nEOM\n    exit 1\nfi\n";
			showEnvVarsInLog = 0;
		};
		CA534CF3A7ECD2A7CE9045A8 /* [CP] Embed Pods Frameworks */ = {
			isa = PBXShellScriptBuildPhase;
			buildActionMask = 2147483647;
			files = (
			);
			inputPaths = (
			);
			name = "[CP] Embed Pods Frameworks";
			outputPaths = (
			);
			runOnlyForDeploymentPostprocessing = 0;
			shellPath = /bin/sh;
			shellScript = "\"${SRCROOT}/Pods/Target Support Files/Pods-ExpandUserBackground/Pods-ExpandUserBackground-frameworks.sh\"\n";
			showEnvVarsInLog = 0;
		};
		E2C45CBA99F61BCA92E1A9F9 /* [CP] Copy Pods Resources */ = {
			isa = PBXShellScriptBuildPhase;
			buildActionMask = 2147483647;
			files = (
			);
			inputPaths = (
			);
			name = "[CP] Copy Pods Resources";
			outputPaths = (
			);
			runOnlyForDeploymentPostprocessing = 0;
			shellPath = /bin/sh;
			shellScript = "\"${SRCROOT}/Pods/Target Support Files/Pods-ExpandUserBackground/Pods-ExpandUserBackground-resources.sh\"\n";
			showEnvVarsInLog = 0;
		};
/* End PBXShellScriptBuildPhase section */

/* Begin PBXSourcesBuildPhase section */
		958098A81DEFB9000044A953 /* Sources */ = {
			isa = PBXSourcesBuildPhase;
			buildActionMask = 2147483647;
			files = (
				958098C91DEFBA2C0044A953 /* XYHeaderViewController.m in Sources */,
				958098B71DEFB9000044A953 /* ViewController.m in Sources */,
				958098CC1DEFBCB80044A953 /* XYContentInsetViewController.m in Sources */,
				958098B41DEFB9000044A953 /* AppDelegate.m in Sources */,
				958098B11DEFB9000044A953 /* main.m in Sources */,
			);
			runOnlyForDeploymentPostprocessing = 0;
		};
/* End PBXSourcesBuildPhase section */

/* Begin PBXVariantGroup section */
		958098B81DEFB9000044A953 /* Main.storyboard */ = {
			isa = PBXVariantGroup;
			children = (
				958098B91DEFB9000044A953 /* Base */,
			);
			name = Main.storyboard;
			sourceTree = "<group>";
		};
		958098BD1DEFB9000044A953 /* LaunchScreen.storyboard */ = {
			isa = PBXVariantGroup;
			children = (
				958098BE1DEFB9000044A953 /* Base */,
			);
			name = LaunchScreen.storyboard;
			sourceTree = "<group>";
		};
/* End PBXVariantGroup section */

/* Begin XCBuildConfiguration section */
		958098C11DEFB9000044A953 /* Debug */ = {
			isa = XCBuildConfiguration;
			buildSettings = {
				ALWAYS_SEARCH_USER_PATHS = NO;
				CLANG_ANALYZER_NONNULL = YES;
				CLANG_CXX_LANGUAGE_STANDARD = "gnu++0x";
				CLANG_CXX_LIBRARY = "libc++";
				CLANG_ENABLE_MODULES = YES;
				CLANG_ENABLE_OBJC_ARC = YES;
				CLANG_WARN_BOOL_CONVERSION = YES;
				CLANG_WARN_CONSTANT_CONVERSION = YES;
				CLANG_WARN_DIRECT_OBJC_ISA_USAGE = YES_ERROR;
				CLANG_WARN_DOCUMENTATION_COMMENTS = YES;
				CLANG_WARN_EMPTY_BODY = YES;
				CLANG_WARN_ENUM_CONVERSION = YES;
				CLANG_WARN_INFINITE_RECURSION = YES;
				CLANG_WARN_INT_CONVERSION = YES;
				CLANG_WARN_OBJC_ROOT_CLASS = YES_ERROR;
				CLANG_WARN_SUSPICIOUS_MOVES = YES;
				CLANG_WARN_UNREACHABLE_CODE = YES;
				CLANG_WARN__DUPLICATE_METHOD_MATCH = YES;
				"CODE_SIGN_IDENTITY[sdk=iphoneos*]" = "iPhone Developer";
				COPY_PHASE_STRIP = NO;
				DEBUG_INFORMATION_FORMAT = dwarf;
				ENABLE_STRICT_OBJC_MSGSEND = YES;
				ENABLE_TESTABILITY = YES;
				GCC_C_LANGUAGE_STANDARD = gnu99;
				GCC_DYNAMIC_NO_PIC = NO;
				GCC_NO_COMMON_BLOCKS = YES;
				GCC_OPTIMIZATION_LEVEL = 0;
				GCC_PREPROCESSOR_DEFINITIONS = (
					"DEBUG=1",
					"$(inherited)",
				);
				GCC_WARN_64_TO_32_BIT_CONVERSION = YES;
				GCC_WARN_ABOUT_RETURN_TYPE = YES_ERROR;
				GCC_WARN_UNDECLARED_SELECTOR = YES;
				GCC_WARN_UNINITIALIZED_AUTOS = YES_AGGRESSIVE;
				GCC_WARN_UNUSED_FUNCTION = YES;
				GCC_WARN_UNUSED_VARIABLE = YES;
				IPHONEOS_DEPLOYMENT_TARGET = 10.1;
				MTL_ENABLE_DEBUG_INFO = YES;
				ONLY_ACTIVE_ARCH = YES;
				SDKROOT = iphoneos;
				TARGETED_DEVICE_FAMILY = "1,2";
			};
			name = Debug;
		};
		958098C21DEFB9000044A953 /* Release */ = {
			isa = XCBuildConfiguration;
			buildSettings = {
				ALWAYS_SEARCH_USER_PATHS = NO;
				CLANG_ANALYZER_NONNULL = YES;
				CLANG_CXX_LANGUAGE_STANDARD = "gnu++0x";
				CLANG_CXX_LIBRARY = "libc++";
				CLANG_ENABLE_MODULES = YES;
				CLANG_ENABLE_OBJC_ARC = YES;
				CLANG_WARN_BOOL_CONVERSION = YES;
				CLANG_WARN_CONSTANT_CONVERSION = YES;
				CLANG_WARN_DIRECT_OBJC_ISA_USAGE = YES_ERROR;
				CLANG_WARN_DOCUMENTATION_COMMENTS = YES;
				CLANG_WARN_EMPTY_BODY = YES;
				CLANG_WARN_ENUM_CONVERSION = YES;
				CLANG_WARN_INFINITE_RECURSION = YES;
				CLANG_WARN_INT_CONVERSION = YES;
				CLANG_WARN_OBJC_ROOT_CLASS = YES_ERROR;
				CLANG_WARN_SUSPICIOUS_MOVES = YES;
				CLANG_WARN_UNREACHABLE_CODE = YES;
				CLANG_WARN__DUPLICATE_METHOD_MATCH = YES;
				"CODE_SIGN_IDENTITY[sdk=iphoneos*]" = "iPhone Developer";
				COPY_PHASE_STRIP = NO;
				DEBUG_INFORMATION_FORMAT = "dwarf-with-dsym";
				ENABLE_NS_ASSERTIONS = NO;
				ENABLE_STRICT_OBJC_MSGSEND = YES;
				GCC_C_LANGUAGE_STANDARD = gnu99;
				GCC_NO_COMMON_BLOCKS = YES;
				GCC_WARN_64_TO_32_BIT_CONVERSION = YES;
				GCC_WARN_ABOUT_RETURN_TYPE = YES_ERROR;
				GCC_WARN_UNDECLARED_SELECTOR = YES;
				GCC_WARN_UNINITIALIZED_AUTOS = YES_AGGRESSIVE;
				GCC_WARN_UNUSED_FUNCTION = YES;
				GCC_WARN_UNUSED_VARIABLE = YES;
				IPHONEOS_DEPLOYMENT_TARGET = 10.1;
				MTL_ENABLE_DEBUG_INFO = NO;
				SDKROOT = iphoneos;
				TARGETED_DEVICE_FAMILY = "1,2";
				VALIDATE_PRODUCT = YES;
			};
			name = Release;
		};
		958098C41DEFB9000044A953 /* Debug */ = {
			isa = XCBuildConfiguration;
			baseConfigurationReference = 01F3DFFDB99939834A147911 /* Pods-ExpandUserBackground.debug.xcconfig */;
			buildSettings = {
				ASSETCATALOG_COMPILER_APPICON_NAME = AppIcon;
				DEVELOPMENT_TEAM = XWA7JYNQA2;
				INFOPLIST_FILE = ExpandUserBackground/Info.plist;
				LD_RUNPATH_SEARCH_PATHS = "$(inherited) @executable_path/Frameworks";
				PRODUCT_BUNDLE_IDENTIFIER = com.dom.ExpandUserBackground;
				PRODUCT_NAME = "$(TARGET_NAME)";
			};
			name = Debug;
		};
		958098C51DEFB9000044A953 /* Release */ = {
			isa = XCBuildConfiguration;
			baseConfigurationReference = 7F45927DC35642E5F2FB3FDD /* Pods-ExpandUserBackground.release.xcconfig */;
			buildSettings = {
				ASSETCATALOG_COMPILER_APPICON_NAME = AppIcon;
				DEVELOPMENT_TEAM = XWA7JYNQA2;
				INFOPLIST_FILE = ExpandUserBackground/Info.plist;
				LD_RUNPATH_SEARCH_PATHS = "$(inherited) @executable_path/Frameworks";
				PRODUCT_BUNDLE_IDENTIFIER = com.dom.ExpandUserBackground;
				PRODUCT_NAME = "$(TARGET_NAME)";
			};
			name = Release;
		};
/* End XCBuildConfiguration section */

/* Begin XCConfigurationList section */
		958098A71DEFB9000044A953 /* Build configuration list for PBXProject "ExpandUserBackground" */ = {
			isa = XCConfigurationList;
			buildConfigurations = (
				958098C11DEFB9000044A953 /* Debug */,
				958098C21DEFB9000044A953 /* Release */,
			);
			defaultConfigurationIsVisible = 0;
			defaultConfigurationName = Release;
		};
		958098C31DEFB9000044A953 /* Build configuration list for PBXNativeTarget "ExpandUserBackground" */ = {
			isa = XCConfigurationList;
			buildConfigurations = (
				958098C41DEFB9000044A953 /* Debug */,
				958098C51DEFB9000044A953 /* Release */,
			);
			defaultConfigurationIsVisible = 0;
			defaultConfigurationName = Release;
		};
/* End XCConfigurationList section */
	};
	rootObject = 958098A41DEFB9000044A953 /* Project object */;
}
